// !$*UTF8*$!
{
	archiveVersion = 1;
	classes = {
	};
	objectVersion = 56;
	objects = {

/* Begin PBXBuildFile section */
		CE5268242AB85E900029DE46 /* FrameworkTitleView.swift in Sources */ = {isa = PBXBuildFile; fileRef = CE5268232AB85E900029DE46 /* FrameworkTitleView.swift */; };
		CE5268262AB85F1E0029DE46 /* XDismissButton.swift in Sources */ = {isa = PBXBuildFile; fileRef = CE5268252AB85F1E0029DE46 /* XDismissButton.swift */; };
		CE5544AC2AB7D25B00F7F12A /* FrameworkDetailView.swift in Sources */ = {isa = PBXBuildFile; fileRef = CE5544AB2AB7D25B00F7F12A /* FrameworkDetailView.swift */; };
		CE5544AE2AB7D39700F7F12A /* AFButton.swift in Sources */ = {isa = PBXBuildFile; fileRef = CE5544AD2AB7D39700F7F12A /* AFButton.swift */; };
		CE5544B02AB7DF8400F7F12A /* FrameworkGridViewModel.swift in Sources */ = {isa = PBXBuildFile; fileRef = CE5544AF2AB7DF8400F7F12A /* FrameworkGridViewModel.swift */; };
		CE5544B22AB7FF1700F7F12A /* SafariView.swift in Sources */ = {isa = PBXBuildFile; fileRef = CE5544B12AB7FF1700F7F12A /* SafariView.swift */; };
		CEEAFF242AB7B8FB0077DC7C /* My_FrameworksApp.swift in Sources */ = {isa = PBXBuildFile; fileRef = CEEAFF232AB7B8FB0077DC7C /* My_FrameworksApp.swift */; };
		CEEAFF282AB7B8FB0077DC7C /* Assets.xcassets in Resources */ = {isa = PBXBuildFile; fileRef = CEEAFF272AB7B8FB0077DC7C /* Assets.xcassets */; };
		CEEAFF2B2AB7B8FB0077DC7C /* Preview Assets.xcassets in Resources */ = {isa = PBXBuildFile; fileRef = CEEAFF2A2AB7B8FB0077DC7C /* Preview Assets.xcassets */; };
		CEEAFF322AB7B96E0077DC7C /* Framework.swift in Sources */ = {isa = PBXBuildFile; fileRef = CEEAFF312AB7B96E0077DC7C /* Framework.swift */; };
		CEEAFF342AB7BAA10077DC7C /* FrameworkGridView.swift in Sources */ = {isa = PBXBuildFile; fileRef = CEEAFF332AB7BAA10077DC7C /* FrameworkGridView.swift */; };
/* End PBXBuildFile section */

/* Begin PBXFileReference section */
		CE5268232AB85E900029DE46 /* FrameworkTitleView.swift */ = {isa = PBXFileReference; lastKnownFileType = sourcecode.swift; path = FrameworkTitleView.swift; sourceTree = "<group>"; };
		CE5268252AB85F1E0029DE46 /* XDismissButton.swift */ = {isa = PBXFileReference; lastKnownFileType = sourcecode.swift; path = XDismissButton.swift; sourceTree = "<group>"; };
		CE5544AB2AB7D25B00F7F12A /* FrameworkDetailView.swift */ = {isa = PBXFileReference; lastKnownFileType = sourcecode.swift; path = FrameworkDetailView.swift; sourceTree = "<group>"; };
		CE5544AD2AB7D39700F7F12A /* AFButton.swift */ = {isa = PBXFileReference; lastKnownFileType = sourcecode.swift; path = AFButton.swift; sourceTree = "<group>"; };
		CE5544AF2AB7DF8400F7F12A /* FrameworkGridViewModel.swift */ = {isa = PBXFileReference; lastKnownFileType = sourcecode.swift; path = FrameworkGridViewModel.swift; sourceTree = "<group>"; };
		CE5544B12AB7FF1700F7F12A /* SafariView.swift */ = {isa = PBXFileReference; lastKnownFileType = sourcecode.swift; path = SafariView.swift; sourceTree = "<group>"; };
		CEEAFF202AB7B8FB0077DC7C /* My-Frameworks.app */ = {isa = PBXFileReference; explicitFileType = wrapper.application; includeInIndex = 0; path = "My-Frameworks.app"; sourceTree = BUILT_PRODUCTS_DIR; };
		CEEAFF232AB7B8FB0077DC7C /* My_FrameworksApp.swift */ = {isa = PBXFileReference; lastKnownFileType = sourcecode.swift; path = My_FrameworksApp.swift; sourceTree = "<group>"; };
		CEEAFF272AB7B8FB0077DC7C /* Assets.xcassets */ = {isa = PBXFileReference; lastKnownFileType = folder.assetcatalog; path = Assets.xcassets; sourceTree = "<group>"; };
		CEEAFF2A2AB7B8FB0077DC7C /* Preview Assets.xcassets */ = {isa = PBXFileReference; lastKnownFileType = folder.assetcatalog; path = "Preview Assets.xcassets"; sourceTree = "<group>"; };
		CEEAFF312AB7B96E0077DC7C /* Framework.swift */ = {isa = PBXFileReference; lastKnownFileType = sourcecode.swift; path = Framework.swift; sourceTree = "<group>"; };
		CEEAFF332AB7BAA10077DC7C /* FrameworkGridView.swift */ = {isa = PBXFileReference; lastKnownFileType = sourcecode.swift; path = FrameworkGridView.swift; sourceTree = "<group>"; };
/* End PBXFileReference section */

/* Begin PBXFrameworksBuildPhase section */
		CEEAFF1D2AB7B8FB0077DC7C /* Frameworks */ = {
			isa = PBXFrameworksBuildPhase;
			buildActionMask = 2147483647;
			files = (
			);
			runOnlyForDeploymentPostprocessing = 0;
		};
/* End PBXFrameworksBuildPhase section */

/* Begin PBXGroup section */
		CE5268272AB861700029DE46 /* Screens */ = {
			isa = PBXGroup;
			children = (
				CE5268282AB8619F0029DE46 /* FrameworkGridView */,
				CE5268292AB861CD0029DE46 /* FrameworkDetailView */,
			);
			path = Screens;
			sourceTree = "<group>";
		};
		CE5268282AB8619F0029DE46 /* FrameworkGridView */ = {
			isa = PBXGroup;
			children = (
				CEEAFF332AB7BAA10077DC7C /* FrameworkGridView.swift */,
				CE5544AF2AB7DF8400F7F12A /* FrameworkGridViewModel.swift */,
			);
			path = FrameworkGridView;
			sourceTree = "<group>";
		};
		CE5268292AB861CD0029DE46 /* FrameworkDetailView */ = {
			isa = PBXGroup;
			children = (
				CE5544AB2AB7D25B00F7F12A /* FrameworkDetailView.swift */,
			);
			path = FrameworkDetailView;
			sourceTree = "<group>";
		};
		CE52682A2AB862410029DE46 /* Model */ = {
			isa = PBXGroup;
			children = (
				CEEAFF312AB7B96E0077DC7C /* Framework.swift */,
			);
			path = Model;
			sourceTree = "<group>";
		};
		CE52682B2AB862610029DE46 /* Views */ = {
			isa = PBXGroup;
			children = (
				CE52682D2AB862910029DE46 /* View */,
				CE52682C2AB862810029DE46 /* Buttons */,
			);
			path = Views;
			sourceTree = "<group>";
		};
		CE52682C2AB862810029DE46 /* Buttons */ = {
			isa = PBXGroup;
			children = (
				CE5544AD2AB7D39700F7F12A /* AFButton.swift */,
				CE5268252AB85F1E0029DE46 /* XDismissButton.swift */,
			);
			path = Buttons;
			sourceTree = "<group>";
		};
		CE52682D2AB862910029DE46 /* View */ = {
			isa = PBXGroup;
			children = (
				CE5268232AB85E900029DE46 /* FrameworkTitleView.swift */,
			);
			path = View;
			sourceTree = "<group>";
		};
		CE52682E2AB862F90029DE46 /* UIKit Components */ = {
			isa = PBXGroup;
			children = (
				CE5544B12AB7FF1700F7F12A /* SafariView.swift */,
			);
			path = "UIKit Components";
			sourceTree = "<group>";
		};
		CEEAFF172AB7B8FB0077DC7C = {
			isa = PBXGroup;
			children = (
				CEEAFF222AB7B8FB0077DC7C /* My-Frameworks */,
				CEEAFF212AB7B8FB0077DC7C /* Products */,
			);
			sourceTree = "<group>";
		};
		CEEAFF212AB7B8FB0077DC7C /* Products */ = {
			isa = PBXGroup;
			children = (
				CEEAFF202AB7B8FB0077DC7C /* My-Frameworks.app */,
			);
			name = Products;
			sourceTree = "<group>";
		};
		CEEAFF222AB7B8FB0077DC7C /* My-Frameworks */ = {
			isa = PBXGroup;
			children = (
				CE52682E2AB862F90029DE46 /* UIKit Components */,
				CE52682B2AB862610029DE46 /* Views */,
				CE52682A2AB862410029DE46 /* Model */,
				CE5268272AB861700029DE46 /* Screens */,
				CEEAFF232AB7B8FB0077DC7C /* My_FrameworksApp.swift */,
				CEEAFF272AB7B8FB0077DC7C /* Assets.xcassets */,
				CEEAFF292AB7B8FB0077DC7C /* Preview Content */,
			);
			path = "My-Frameworks";
			sourceTree = "<group>";
		};
		CEEAFF292AB7B8FB0077DC7C /* Preview Content */ = {
			isa = PBXGroup;
			children = (
				CEEAFF2A2AB7B8FB0077DC7C /* Preview Assets.xcassets */,
			);
			path = "Preview Content";
			sourceTree = "<group>";
		};
/* End PBXGroup section */

/* Begin PBXNativeTarget section */
		CEEAFF1F2AB7B8FB0077DC7C /* My-Frameworks */ = {
			isa = PBXNativeTarget;
			buildConfigurationList = CEEAFF2E2AB7B8FB0077DC7C /* Build configuration list for PBXNativeTarget "My-Frameworks" */;
			buildPhases = (
				CEEAFF1C2AB7B8FB0077DC7C /* Sources */,
				CEEAFF1D2AB7B8FB0077DC7C /* Frameworks */,
				CEEAFF1E2AB7B8FB0077DC7C /* Resources */,
			);
			buildRules = (
			);
			dependencies = (
			);
			name = "My-Frameworks";
			productName = "My-Frameworks";
			productReference = CEEAFF202AB7B8FB0077DC7C /* My-Frameworks.app */;
			productType = "com.apple.product-type.application";
		};
/* End PBXNativeTarget section */

/* Begin PBXProject section */
		CEEAFF182AB7B8FB0077DC7C /* Project object */ = {
			isa = PBXProject;
			attributes = {
				BuildIndependentTargetsInParallel = 1;
				LastSwiftUpdateCheck = 1430;
				LastUpgradeCheck = 1430;
				TargetAttributes = {
					CEEAFF1F2AB7B8FB0077DC7C = {
						CreatedOnToolsVersion = 14.3.1;
					};
				};
			};
			buildConfigurationList = CEEAFF1B2AB7B8FB0077DC7C /* Build configuration list for PBXProject "My-Frameworks" */;
			compatibilityVersion = "Xcode 14.0";
			developmentRegion = en;
			hasScannedForEncodings = 0;
			knownRegions = (
				en,
				Base,
			);
			mainGroup = CEEAFF172AB7B8FB0077DC7C;
			productRefGroup = CEEAFF212AB7B8FB0077DC7C /* Products */;
			projectDirPath = "";
			projectRoot = "";
			targets = (
				CEEAFF1F2AB7B8FB0077DC7C /* My-Frameworks */,
			);
		};
/* End PBXProject section */

/* Begin PBXResourcesBuildPhase section */
		CEEAFF1E2AB7B8FB0077DC7C /* Resources */ = {
			isa = PBXResourcesBuildPhase;
			buildActionMask = 2147483647;
			files = (
				CEEAFF2B2AB7B8FB0077DC7C /* Preview Assets.xcassets in Resources */,
				CEEAFF282AB7B8FB0077DC7C /* Assets.xcassets in Resources */,
			);
			runOnlyForDeploymentPostprocessing = 0;
		};
/* End PBXResourcesBuildPhase section */

/* Begin PBXSourcesBuildPhase section */
		CEEAFF1C2AB7B8FB0077DC7C /* Sources */ = {
			isa = PBXSourcesBuildPhase;
			buildActionMask = 2147483647;
			files = (
				CE5544AC2AB7D25B00F7F12A /* FrameworkDetailView.swift in Sources */,
				CEEAFF342AB7BAA10077DC7C /* FrameworkGridView.swift in Sources */,
				CE5268262AB85F1E0029DE46 /* XDismissButton.swift in Sources */,
				CEEAFF322AB7B96E0077DC7C /* Framework.swift in Sources */,
				CE5544AE2AB7D39700F7F12A /* AFButton.swift in Sources */,
				CEEAFF242AB7B8FB0077DC7C /* My_FrameworksApp.swift in Sources */,
				CE5544B02AB7DF8400F7F12A /* FrameworkGridViewModel.swift in Sources */,
				CE5268242AB85E900029DE46 /* FrameworkTitleView.swift in Sources */,
				CE5544B22AB7FF1700F7F12A /* SafariView.swift in Sources */,
			);
			runOnlyForDeploymentPostprocessing = 0;
		};
/* End PBXSourcesBuildPhase section */

/* Begin XCBuildConfiguration section */
		CEEAFF2C2AB7B8FB0077DC7C /* Debug */ = {
			isa = XCBuildConfiguration;
			buildSettings = {
				ALWAYS_SEARCH_USER_PATHS = NO;
				CLANG_ANALYZER_NONNULL = YES;
				CLANG_ANALYZER_NUMBER_OBJECT_CONVERSION = YES_AGGRESSIVE;
				CLANG_CXX_LANGUAGE_STANDARD = "gnu++20";
				CLANG_ENABLE_MODULES = YES;
				CLANG_ENABLE_OBJC_ARC = YES;
				CLANG_ENABLE_OBJC_WEAK = YES;
				CLANG_WARN_BLOCK_CAPTURE_AUTORELEASING = YES;
				CLANG_WARN_BOOL_CONVERSION = YES;
				CLANG_WARN_COMMA = YES;
				CLANG_WARN_CONSTANT_CONVERSION = YES;
				CLANG_WARN_DEPRECATED_OBJC_IMPLEMENTATIONS = YES;
				CLANG_WARN_DIRECT_OBJC_ISA_USAGE = YES_ERROR;
				CLANG_WARN_DOCUMENTATION_COMMENTS = YES;
				CLANG_WARN_EMPTY_BODY = YES;
				CLANG_WARN_ENUM_CONVERSION = YES;
				CLANG_WARN_INFINITE_RECURSION = YES;
				CLANG_WARN_INT_CONVERSION = YES;
				CLANG_WARN_NON_LITERAL_NULL_CONVERSION = YES;
				CLANG_WARN_OBJC_IMPLICIT_RETAIN_SELF = YES;
				CLANG_WARN_OBJC_LITERAL_CONVERSION = YES;
				CLANG_WARN_OBJC_ROOT_CLASS = YES_ERROR;
				CLANG_WARN_QUOTED_INCLUDE_IN_FRAMEWORK_HEADER = YES;
				CLANG_WARN_RANGE_LOOP_ANALYSIS = YES;
				CLANG_WARN_STRICT_PROTOTYPES = YES;
				CLANG_WARN_SUSPICIOUS_MOVE = YES;
				CLANG_WARN_UNGUARDED_AVAILABILITY = YES_AGGRESSIVE;
				CLANG_WARN_UNREACHABLE_CODE = YES;
				CLANG_WARN__DUPLICATE_METHOD_MATCH = YES;
				COPY_PHASE_STRIP = NO;
				DEBUG_INFORMATION_FORMAT = dwarf;
				ENABLE_STRICT_OBJC_MSGSEND = YES;
				ENABLE_TESTABILITY = YES;
				GCC_C_LANGUAGE_STANDARD = gnu11;
				GCC_DYNAMIC_NO_PIC = NO;
				GCC_NO_COMMON_BLOCKS = YES;
				GCC_OPTIMIZATION_LEVEL = 0;
				GCC_PREPROCESSOR_DEFINITIONS = (
					"DEBUG=1",
					"$(inherited)",
				);
				GCC_WARN_64_TO_32_BIT_CONVERSION = YES;
				GCC_WARN_ABOUT_RETURN_TYPE = YES_ERROR;
				GCC_WARN_UNDECLARED_SELECTOR = YES;
				GCC_WARN_UNINITIALIZED_AUTOS = YES_AGGRESSIVE;
				GCC_WARN_UNUSED_FUNCTION = YES;
				GCC_WARN_UNUSED_VARIABLE = YES;
				IPHONEOS_DEPLOYMENT_TARGET = 16.4;
				MTL_ENABLE_DEBUG_INFO = INCLUDE_SOURCE;
				MTL_FAST_MATH = YES;
				ONLY_ACTIVE_ARCH = YES;
				SDKROOT = iphoneos;
				SWIFT_ACTIVE_COMPILATION_CONDITIONS = DEBUG;
				SWIFT_OPTIMIZATION_LEVEL = "-Onone";
			};
			name = Debug;
		};
		CEEAFF2D2AB7B8FB0077DC7C /* Release */ = {
			isa = XCBuildConfiguration;
			buildSettings = {
				ALWAYS_SEARCH_USER_PATHS = NO;
				CLANG_ANALYZER_NONNULL = YES;
				CLANG_ANALYZER_NUMBER_OBJECT_CONVERSION = YES_AGGRESSIVE;
				CLANG_CXX_LANGUAGE_STANDARD = "gnu++20";
				CLANG_ENABLE_MODULES = YES;
				CLANG_ENABLE_OBJC_ARC = YES;
				CLANG_ENABLE_OBJC_WEAK = YES;
				CLANG_WARN_BLOCK_CAPTURE_AUTORELEASING = YES;
				CLANG_WARN_BOOL_CONVERSION = YES;
				CLANG_WARN_COMMA = YES;
				CLANG_WARN_CONSTANT_CONVERSION = YES;
				CLANG_WARN_DEPRECATED_OBJC_IMPLEMENTATIONS = YES;
				CLANG_WARN_DIRECT_OBJC_ISA_USAGE = YES_ERROR;
				CLANG_WARN_DOCUMENTATION_COMMENTS = YES;
				CLANG_WARN_EMPTY_BODY = YES;
				CLANG_WARN_ENUM_CONVERSION = YES;
				CLANG_WARN_INFINITE_RECURSION = YES;
				CLANG_WARN_INT_CONVERSION = YES;
				CLANG_WARN_NON_LITERAL_NULL_CONVERSION = YES;
				CLANG_WARN_OBJC_IMPLICIT_RETAIN_SELF = YES;
				CLANG_WARN_OBJC_LITERAL_CONVERSION = YES;
				CLANG_WARN_OBJC_ROOT_CLASS = YES_ERROR;
				CLANG_WARN_QUOTED_INCLUDE_IN_FRAMEWORK_HEADER = YES;
				CLANG_WARN_RANGE_LOOP_ANALYSIS = YES;
				CLANG_WARN_STRICT_PROTOTYPES = YES;
				CLANG_WARN_SUSPICIOUS_MOVE = YES;
				CLANG_WARN_UNGUARDED_AVAILABILITY = YES_AGGRESSIVE;
				CLANG_WARN_UNREACHABLE_CODE = YES;
				CLANG_WARN__DUPLICATE_METHOD_MATCH = YES;
				COPY_PHASE_STRIP = NO;
				DEBUG_INFORMATION_FORMAT = "dwarf-with-dsym";
				ENABLE_NS_ASSERTIONS = NO;
				ENABLE_STRICT_OBJC_MSGSEND = YES;
				GCC_C_LANGUAGE_STANDARD = gnu11;
				GCC_NO_COMMON_BLOCKS = YES;
				GCC_WARN_64_TO_32_BIT_CONVERSION = YES;
				GCC_WARN_ABOUT_RETURN_TYPE = YES_ERROR;
				GCC_WARN_UNDECLARED_SELECTOR = YES;
				GCC_WARN_UNINITIALIZED_AUTOS = YES_AGGRESSIVE;
				GCC_WARN_UNUSED_FUNCTION = YES;
				GCC_WARN_UNUSED_VARIABLE = YES;
				IPHONEOS_DEPLOYMENT_TARGET = 16.4;
				MTL_ENABLE_DEBUG_INFO = NO;
				MTL_FAST_MATH = YES;
				SDKROOT = iphoneos;
				SWIFT_COMPILATION_MODE = wholemodule;
				SWIFT_OPTIMIZATION_LEVEL = "-O";
				VALIDATE_PRODUCT = YES;
			};
			name = Release;
		};
		CEEAFF2F2AB7B8FB0077DC7C /* Debug */ = {
			isa = XCBuildConfiguration;
			buildSettings = {
				ASSETCATALOG_COMPILER_APPICON_NAME = AppIcon;
				ASSETCATALOG_COMPILER_GLOBAL_ACCENT_COLOR_NAME = AccentColor;
				CODE_SIGN_STYLE = Automatic;
				CURRENT_PROJECT_VERSION = 1;
				DEVELOPMENT_ASSET_PATHS = "\"My-Frameworks/Preview Content\"";
				DEVELOPMENT_TEAM = 3Z22XRRSB2;
				ENABLE_PREVIEWS = YES;
				GENERATE_INFOPLIST_FILE = YES;
				INFOPLIST_KEY_UIApplicationSceneManifest_Generation = YES;
				INFOPLIST_KEY_UIApplicationSupportsIndirectInputEvents = YES;
				INFOPLIST_KEY_UILaunchScreen_Generation = YES;
				INFOPLIST_KEY_UISupportedInterfaceOrientations_iPad = "UIInterfaceOrientationPortrait UIInterfaceOrientationPortraitUpsideDown UIInterfaceOrientationLandscapeLeft UIInterfaceOrientationLandscapeRight";
				INFOPLIST_KEY_UISupportedInterfaceOrientations_iPhone = "UIInterfaceOrientationPortrait UIInterfaceOrientationLandscapeLeft UIInterfaceOrientationLandscapeRight";
				LD_RUNPATH_SEARCH_PATHS = (
					"$(inherited)",
					"@executable_path/Frameworks",
				);
				MARKETING_VERSION = 1.0;
				PRODUCT_BUNDLE_IDENTIFIER = "com.imrob.My-Frameworks";
				PRODUCT_NAME = "$(TARGET_NAME)";
				SWIFT_EMIT_LOC_STRINGS = YES;
				SWIFT_VERSION = 5.0;
				TARGETED_DEVICE_FAMILY = "1,2";
			};
			name = Debug;
		};
		CEEAFF302AB7B8FB0077DC7C /* Release */ = {
			isa = XCBuildConfiguration;
			buildSettings = {
				ASSETCATALOG_COMPILER_APPICON_NAME = AppIcon;
				ASSETCATALOG_COMPILER_GLOBAL_ACCENT_COLOR_NAME = AccentColor;
				CODE_SIGN_STYLE = Automatic;
				CURRENT_PROJECT_VERSION = 1;
				DEVELOPMENT_ASSET_PATHS = "\"My-Frameworks/Preview Content\"";
				DEVELOPMENT_TEAM = 3Z22XRRSB2;
				ENABLE_PREVIEWS = YES;
				GENERATE_INFOPLIST_FILE = YES;
				INFOPLIST_KEY_UIApplicationSceneManifest_Generation = YES;
				INFOPLIST_KEY_UIApplicationSupportsIndirectInputEvents = YES;
				INFOPLIST_KEY_UILaunchScreen_Generation = YES;
				INFOPLIST_KEY_UISupportedInterfaceOrientations_iPad = "UIInterfaceOrientationPortrait UIInterfaceOrientationPortraitUpsideDown UIInterfaceOrientationLandscapeLeft UIInterfaceOrientationLandscapeRight";
				INFOPLIST_KEY_UISupportedInterfaceOrientations_iPhone = "UIInterfaceOrientationPortrait UIInterfaceOrientationLandscapeLeft UIInterfaceOrientationLandscapeRight";
				LD_RUNPATH_SEARCH_PATHS = (
					"$(inherited)",
					"@executable_path/Frameworks",
				);
				MARKETING_VERSION = 1.0;
				PRODUCT_BUNDLE_IDENTIFIER = "com.imrob.My-Frameworks";
				PRODUCT_NAME = "$(TARGET_NAME)";
				SWIFT_EMIT_LOC_STRINGS = YES;
				SWIFT_VERSION = 5.0;
				TARGETED_DEVICE_FAMILY = "1,2";
			};
			name = Release;
		};
/* End XCBuildConfiguration section */

/* Begin XCConfigurationList section */
		CEEAFF1B2AB7B8FB0077DC7C /* Build configuration list for PBXProject "My-Frameworks" */ = {
			isa = XCConfigurationList;
			buildConfigurations = (
				CEEAFF2C2AB7B8FB0077DC7C /* Debug */,
				CEEAFF2D2AB7B8FB0077DC7C /* Release */,
			);
			defaultConfigurationIsVisible = 0;
			defaultConfigurationName = Release;
		};
		CEEAFF2E2AB7B8FB0077DC7C /* Build configuration list for PBXNativeTarget "My-Frameworks" */ = {
			isa = XCConfigurationList;
			buildConfigurations = (
				CEEAFF2F2AB7B8FB0077DC7C /* Debug */,
				CEEAFF302AB7B8FB0077DC7C /* Release */,
			);
			defaultConfigurationIsVisible = 0;
			defaultConfigurationName = Release;
		};
/* End XCConfigurationList section */
	};
	rootObject = CEEAFF182AB7B8FB0077DC7C /* Project object */;
}
